
Microsoft Visual Studio Solution File, Format Version 12.00
Project("{FAE04EC0-301F-11D3-BF4B-00C04F79EFBC}") = "PoliNetworkBotRefactor", "PoliNetworkBotRefactor\PoliNetworkBotRefactor.csproj", "{C8ABDD3F-57BE-42DB-88B9-A61184B833BF}"
EndProject
Project("{FAE04EC0-301F-11D3-BF4B-00C04F79EFBC}") = "PoliNetworkBotRefactorTests", "PoliNetworkBotRefactorTests\PoliNetworkBotRefactorTests.csproj", "{4237612D-2D57-4F15-AB19-A6959CC7F154}"
EndProject
Global
	GlobalSection(SolutionConfigurationPlatforms) = preSolution
		Debug|Any CPU = Debug|Any CPU
		Release|Any CPU = Release|Any CPU
	EndGlobalSection
	GlobalSection(ProjectConfigurationPlatforms) = postSolution
		{C8ABDD3F-57BE-42DB-88B9-A61184B833BF}.Debug|Any CPU.ActiveCfg = Debug|Any CPU
		{C8ABDD3F-57BE-42DB-88B9-A61184B833BF}.Debug|Any CPU.Build.0 = Debug|Any CPU
		{C8ABDD3F-57BE-42DB-88B9-A61184B833BF}.Release|Any CPU.ActiveCfg = Release|Any CPU
		{C8ABDD3F-57BE-42DB-88B9-A61184B833BF}.Release|Any CPU.Build.0 = Release|Any CPU
		{4237612D-2D57-4F15-AB19-A6959CC7F154}.Debug|Any CPU.ActiveCfg = Debug|Any CPU
		{4237612D-2D57-4F15-AB19-A6959CC7F154}.Debug|Any CPU.Build.0 = Debug|Any CPU
		{4237612D-2D57-4F15-AB19-A6959CC7F154}.Release|Any CPU.ActiveCfg = Release|Any CPU
		{4237612D-2D57-4F15-AB19-A6959CC7F154}.Release|Any CPU.Build.0 = Release|Any CPU
	EndGlobalSection
EndGlobal
